
Microsoft Visual Studio Solution File, Format Version 12.00
# Visual Studio Version 17
VisualStudioVersion = 17.0.31903.59
MinimumVisualStudioVersion = 10.0.40219.1
Project("{2150E333-8FDC-42A3-9474-1A3956D46DE8}") = "src", "src", "{827E0CD3-B72D-47B6-A68D-7590B98EB39B}"
EndProject
Project("{FAE04EC0-301F-11D3-BF4B-00C04F79EFBC}") = "AxiomEndpoints.Core", "src\AxiomEndpoints.Core\AxiomEndpoints.Core.csproj", "{8AC481CA-BEB6-4E15-8C5C-31FE6FB80A09}"
EndProject
Project("{FAE04EC0-301F-11D3-BF4B-00C04F79EFBC}") = "AxiomEndpoints.Routing", "src\AxiomEndpoints.Routing\AxiomEndpoints.Routing.csproj", "{110E9FC0-A3AC-47A9-9431-EE2AAAAD6002}"
EndProject
Project("{FAE04EC0-301F-11D3-BF4B-00C04F79EFBC}") = "AxiomEndpoints.AspNetCore", "src\AxiomEndpoints.AspNetCore\AxiomEndpoints.AspNetCore.csproj", "{96DC67D1-10F5-491F-823F-BF611F05B217}"
EndProject
Project("{FAE04EC0-301F-11D3-BF4B-00C04F79EFBC}") = "AxiomEndpoints.SourceGenerators", "src\AxiomEndpoints.SourceGenerators\AxiomEndpoints.SourceGenerators.csproj", "{2141088A-729E-42F8-B4F9-DB977CBF0213}"
EndProject
Project("{FAE04EC0-301F-11D3-BF4B-00C04F79EFBC}") = "AxiomEndpoints.Grpc", "src\AxiomEndpoints.Grpc\AxiomEndpoints.Grpc.csproj", "{A5F2B3C4-8D9E-4F1A-2B3C-5D6E7F8A9B0C}"
EndProject
Project("{FAE04EC0-301F-11D3-BF4B-00C04F79EFBC}") = "AxiomEndpoints.Aspire", "src\AxiomEndpoints.Aspire\AxiomEndpoints.Aspire.csproj", "{B6F3C4D5-9E1F-4A2B-3C4D-6E7F8A9B0C1D}"
EndProject
Project("{FAE04EC0-301F-11D3-BF4B-00C04F79EFBC}") = "AxiomEndpoints.ProtoGen", "src\AxiomEndpoints.ProtoGen\AxiomEndpoints.ProtoGen.csproj", "{F7A8B9C0-1234-5678-9ABC-DEF123456789}"
EndProject
Project("{FAE04EC0-301F-11D3-BF4B-00C04F79EFBC}") = "AxiomEndpoints.ProtoGen.Cli", "src\AxiomEndpoints.ProtoGen.Cli\AxiomEndpoints.ProtoGen.Cli.csproj", "{A8B9C0D1-2345-6789-ABCD-EF123456789A}"
EndProject
Project("{2150E333-8FDC-42A3-9474-1A3956D46DE8}") = "EXAMPLE", "EXAMPLE", "{5D20AA90-6969-D8BD-9DCD-8634F4692FDA}"
EndProject
Project("{FAE04EC0-301F-11D3-BF4B-00C04F79EFBC}") = "AxiomEndpointsExample.AppHost", "..\EXAMPLE\AxiomEndpointsExample.AppHost\AxiomEndpointsExample.AppHost.csproj", "{BEF8A0F0-13D5-43FC-BB8A-14EEC85EC9B4}"
EndProject
Project("{FAE04EC0-301F-11D3-BF4B-00C04F79EFBC}") = "AxiomEndpointsExample.Api", "..\EXAMPLE\AxiomEndpointsExample.Api\AxiomEndpointsExample.Api.csproj", "{C7E4F5D6-0F2A-4B3C-5D6E-8F9A0B1C2D3E}"
EndProject
Project("{FAE04EC0-301F-11D3-BF4B-00C04F79EFBC}") = "AxiomEndpointsExample.Notifications", "..\EXAMPLE\AxiomEndpointsExample.Notifications\AxiomEndpointsExample.Notifications.csproj", "{D8F5A6B7-1F3C-4D5E-6F7A-9B0C1D2E3F4A}"
EndProject
Project("{FAE04EC0-301F-11D3-BF4B-00C04F79EFBC}") = "AxiomEndpointsExample.Client", "..\EXAMPLE\AxiomEndpointsExample.Client\AxiomEndpointsExample.Client.csproj", "{E9A6B7C8-2A4D-5E6F-7A8B-0C1D2E3F4A5B}"
EndProject
Project("{2150E333-8FDC-42A3-9474-1A3956D46DE8}") = "tests", "tests", "{0AB3BF05-4346-4AA6-1389-037BE0695223}"
EndProject
Project("{FAE04EC0-301F-11D3-BF4B-00C04F79EFBC}") = "AxiomEndpointsExample.Tests", "..\EXAMPLE\AxiomEndpointsExample.Tests\AxiomEndpointsExample.Tests.csproj", "{417D6C44-8432-4B3F-946A-A69CC619DE01}"
EndProject
Project("{2150E333-8FDC-42A3-9474-1A3956D46DE8}") = "Core", "Core", "{5C35D9BE-388A-8745-CD5F-BB8E361A8720}"
EndProject
Project("{FAE04EC0-301F-11D3-BF4B-00C04F79EFBC}") = "AxiomEndpoints.Core.Tests", "tests\Core\AxiomEndpoints.Core.Tests\AxiomEndpoints.Core.Tests.csproj", "{7A6E9684-D49D-45C2-B658-6C02F94A954B}"
EndProject
Project("{FAE04EC0-301F-11D3-BF4B-00C04F79EFBC}") = "AxiomEndpoints.Routing.Tests", "tests\Core\AxiomEndpoints.Routing.Tests\AxiomEndpoints.Routing.Tests.csproj", "{23407A7E-5C68-4A76-958B-32331116DE97}"
EndProject
Project("{2150E333-8FDC-42A3-9474-1A3956D46DE8}") = "Shared", "Shared", "{D0D6B8B0-AC35-B3FA-0B96-A9B0E4A3253E}"
EndProject
Project("{FAE04EC0-301F-11D3-BF4B-00C04F79EFBC}") = "AxiomEndpoints.Testing.Common", "tests\Shared\AxiomEndpoints.Testing.Common\AxiomEndpoints.Testing.Common.csproj", "{CD4A6AA4-3C8C-4CF9-9C3E-E874BBCD90E7}"
EndProject
Project("{2150E333-8FDC-42A3-9474-1A3956D46DE8}") = "Integration", "Integration", "{F1E2D3C4-5B6A-7980-1234-567890ABCDEF}"
EndProject
Project("{FAE04EC0-301F-11D3-BF4B-00C04F79EFBC}") = "AxiomEndpoints.AspNetCore.Tests", "tests\Integration\AxiomEndpoints.AspNetCore.Tests\AxiomEndpoints.AspNetCore.Tests.csproj", "{A1B2C3D4-5E6F-7890-1234-567890ABCDEF}"
EndProject
Project("{FAE04EC0-301F-11D3-BF4B-00C04F79EFBC}") = "AxiomEndpoints.Aspire.Tests", "tests\Integration\AxiomEndpoints.Aspire.Tests\AxiomEndpoints.Aspire.Tests.csproj", "{B2C3D4E5-6F70-8091-2345-67890ABCDEF1}"
EndProject
Project("{FAE04EC0-301F-11D3-BF4B-00C04F79EFBC}") = "AxiomEndpoints.Grpc.Tests", "tests\Integration\AxiomEndpoints.Grpc.Tests\AxiomEndpoints.Grpc.Tests.csproj", "{C3D4E5F6-7081-9012-3456-7890ABCDEF12}"
EndProject
Project("{2150E333-8FDC-42A3-9474-1A3956D46DE8}") = "CodeGeneration", "CodeGeneration", "{D4E5F6A7-8192-0123-4567-890ABCDEF123}"
EndProject
Project("{FAE04EC0-301F-11D3-BF4B-00C04F79EFBC}") = "AxiomEndpoints.ProtoGen.Tests", "tests\CodeGeneration\AxiomEndpoints.ProtoGen.Tests\AxiomEndpoints.ProtoGen.Tests.csproj", "{E5F6A7B8-9203-1234-5678-90ABCDEF1234}"
EndProject
Project("{FAE04EC0-301F-11D3-BF4B-00C04F79EFBC}") = "AxiomEndpoints.ProtoGen.Cli.Tests", "tests\CodeGeneration\AxiomEndpoints.ProtoGen.Cli.Tests\AxiomEndpoints.ProtoGen.Cli.Tests.csproj", "{F6A7B8C9-0314-2345-6789-0ABCDEF12345}"
EndProject
Project("{FAE04EC0-301F-11D3-BF4B-00C04F79EFBC}") = "AxiomEndpoints.SourceGenerators.Tests", "tests\CodeGeneration\AxiomEndpoints.SourceGenerators.Tests\AxiomEndpoints.SourceGenerators.Tests.csproj", "{A7B8C9D0-1425-3456-789A-BCDEF1234567}"
EndProject
Project("{2150E333-8FDC-42A3-9474-1A3956D46DE8}") = "Performance", "Performance", "{B8C9D0E1-2536-4567-89AB-CDEF12345678}"
EndProject
Project("{FAE04EC0-301F-11D3-BF4B-00C04F79EFBC}") = "AxiomEndpoints.Performance.Tests", "tests\Performance\AxiomEndpoints.Performance.Tests\AxiomEndpoints.Performance.Tests.csproj", "{C9D0E1F2-3647-5678-9ABC-DEF123456789}"
EndProject
Global
	GlobalSection(SolutionConfigurationPlatforms) = preSolution
		Debug|Any CPU = Debug|Any CPU
		Debug|x64 = Debug|x64
		Debug|x86 = Debug|x86
		Release|Any CPU = Release|Any CPU
		Release|x64 = Release|x64
		Release|x86 = Release|x86
	EndGlobalSection
	GlobalSection(ProjectConfigurationPlatforms) = postSolution
		{8AC481CA-BEB6-4E15-8C5C-31FE6FB80A09}.Debug|Any CPU.ActiveCfg = Debug|Any CPU
		{8AC481CA-BEB6-4E15-8C5C-31FE6FB80A09}.Debug|Any CPU.Build.0 = Debug|Any CPU
		{8AC481CA-BEB6-4E15-8C5C-31FE6FB80A09}.Debug|x64.ActiveCfg = Debug|Any CPU
		{8AC481CA-BEB6-4E15-8C5C-31FE6FB80A09}.Debug|x64.Build.0 = Debug|Any CPU
		{8AC481CA-BEB6-4E15-8C5C-31FE6FB80A09}.Debug|x86.ActiveCfg = Debug|Any CPU
		{8AC481CA-BEB6-4E15-8C5C-31FE6FB80A09}.Debug|x86.Build.0 = Debug|Any CPU
		{8AC481CA-BEB6-4E15-8C5C-31FE6FB80A09}.Release|Any CPU.ActiveCfg = Release|Any CPU
		{8AC481CA-BEB6-4E15-8C5C-31FE6FB80A09}.Release|Any CPU.Build.0 = Release|Any CPU
		{8AC481CA-BEB6-4E15-8C5C-31FE6FB80A09}.Release|x64.ActiveCfg = Release|Any CPU
		{8AC481CA-BEB6-4E15-8C5C-31FE6FB80A09}.Release|x64.Build.0 = Release|Any CPU
		{8AC481CA-BEB6-4E15-8C5C-31FE6FB80A09}.Release|x86.ActiveCfg = Release|Any CPU
		{8AC481CA-BEB6-4E15-8C5C-31FE6FB80A09}.Release|x86.Build.0 = Release|Any CPU
		{110E9FC0-A3AC-47A9-9431-EE2AAAAD6002}.Debug|Any CPU.ActiveCfg = Debug|Any CPU
		{110E9FC0-A3AC-47A9-9431-EE2AAAAD6002}.Debug|Any CPU.Build.0 = Debug|Any CPU
		{110E9FC0-A3AC-47A9-9431-EE2AAAAD6002}.Debug|x64.ActiveCfg = Debug|Any CPU
		{110E9FC0-A3AC-47A9-9431-EE2AAAAD6002}.Debug|x64.Build.0 = Debug|Any CPU
		{110E9FC0-A3AC-47A9-9431-EE2AAAAD6002}.Debug|x86.ActiveCfg = Debug|Any CPU
		{110E9FC0-A3AC-47A9-9431-EE2AAAAD6002}.Debug|x86.Build.0 = Debug|Any CPU
		{110E9FC0-A3AC-47A9-9431-EE2AAAAD6002}.Release|Any CPU.ActiveCfg = Release|Any CPU
		{110E9FC0-A3AC-47A9-9431-EE2AAAAD6002}.Release|Any CPU.Build.0 = Release|Any CPU
		{110E9FC0-A3AC-47A9-9431-EE2AAAAD6002}.Release|x64.ActiveCfg = Release|Any CPU
		{110E9FC0-A3AC-47A9-9431-EE2AAAAD6002}.Release|x64.Build.0 = Release|Any CPU
		{110E9FC0-A3AC-47A9-9431-EE2AAAAD6002}.Release|x86.ActiveCfg = Release|Any CPU
		{110E9FC0-A3AC-47A9-9431-EE2AAAAD6002}.Release|x86.Build.0 = Release|Any CPU
		{96DC67D1-10F5-491F-823F-BF611F05B217}.Debug|Any CPU.ActiveCfg = Debug|Any CPU
		{96DC67D1-10F5-491F-823F-BF611F05B217}.Debug|Any CPU.Build.0 = Debug|Any CPU
		{96DC67D1-10F5-491F-823F-BF611F05B217}.Debug|x64.ActiveCfg = Debug|Any CPU
		{96DC67D1-10F5-491F-823F-BF611F05B217}.Debug|x64.Build.0 = Debug|Any CPU
		{96DC67D1-10F5-491F-823F-BF611F05B217}.Debug|x86.ActiveCfg = Debug|Any CPU
		{96DC67D1-10F5-491F-823F-BF611F05B217}.Debug|x86.Build.0 = Debug|Any CPU
		{96DC67D1-10F5-491F-823F-BF611F05B217}.Release|Any CPU.ActiveCfg = Release|Any CPU
		{96DC67D1-10F5-491F-823F-BF611F05B217}.Release|Any CPU.Build.0 = Release|Any CPU
		{96DC67D1-10F5-491F-823F-BF611F05B217}.Release|x64.ActiveCfg = Release|Any CPU
		{96DC67D1-10F5-491F-823F-BF611F05B217}.Release|x64.Build.0 = Release|Any CPU
		{96DC67D1-10F5-491F-823F-BF611F05B217}.Release|x86.ActiveCfg = Release|Any CPU
		{96DC67D1-10F5-491F-823F-BF611F05B217}.Release|x86.Build.0 = Release|Any CPU
		{2141088A-729E-42F8-B4F9-DB977CBF0213}.Debug|Any CPU.ActiveCfg = Debug|Any CPU
		{2141088A-729E-42F8-B4F9-DB977CBF0213}.Debug|Any CPU.Build.0 = Debug|Any CPU
		{2141088A-729E-42F8-B4F9-DB977CBF0213}.Debug|x64.ActiveCfg = Debug|Any CPU
		{2141088A-729E-42F8-B4F9-DB977CBF0213}.Debug|x64.Build.0 = Debug|Any CPU
		{2141088A-729E-42F8-B4F9-DB977CBF0213}.Debug|x86.ActiveCfg = Debug|Any CPU
		{2141088A-729E-42F8-B4F9-DB977CBF0213}.Debug|x86.Build.0 = Debug|Any CPU
		{2141088A-729E-42F8-B4F9-DB977CBF0213}.Release|Any CPU.ActiveCfg = Release|Any CPU
		{2141088A-729E-42F8-B4F9-DB977CBF0213}.Release|Any CPU.Build.0 = Release|Any CPU
		{2141088A-729E-42F8-B4F9-DB977CBF0213}.Release|x64.ActiveCfg = Release|Any CPU
		{2141088A-729E-42F8-B4F9-DB977CBF0213}.Release|x64.Build.0 = Release|Any CPU
		{2141088A-729E-42F8-B4F9-DB977CBF0213}.Release|x86.ActiveCfg = Release|Any CPU
		{2141088A-729E-42F8-B4F9-DB977CBF0213}.Release|x86.Build.0 = Release|Any CPU
		{A5F2B3C4-8D9E-4F1A-2B3C-5D6E7F8A9B0C}.Debug|Any CPU.ActiveCfg = Debug|Any CPU
		{A5F2B3C4-8D9E-4F1A-2B3C-5D6E7F8A9B0C}.Debug|Any CPU.Build.0 = Debug|Any CPU
		{A5F2B3C4-8D9E-4F1A-2B3C-5D6E7F8A9B0C}.Debug|x64.ActiveCfg = Debug|Any CPU
		{A5F2B3C4-8D9E-4F1A-2B3C-5D6E7F8A9B0C}.Debug|x64.Build.0 = Debug|Any CPU
		{A5F2B3C4-8D9E-4F1A-2B3C-5D6E7F8A9B0C}.Debug|x86.ActiveCfg = Debug|Any CPU
		{A5F2B3C4-8D9E-4F1A-2B3C-5D6E7F8A9B0C}.Debug|x86.Build.0 = Debug|Any CPU
		{A5F2B3C4-8D9E-4F1A-2B3C-5D6E7F8A9B0C}.Release|Any CPU.ActiveCfg = Release|Any CPU
		{A5F2B3C4-8D9E-4F1A-2B3C-5D6E7F8A9B0C}.Release|Any CPU.Build.0 = Release|Any CPU
		{A5F2B3C4-8D9E-4F1A-2B3C-5D6E7F8A9B0C}.Release|x64.ActiveCfg = Release|Any CPU
		{A5F2B3C4-8D9E-4F1A-2B3C-5D6E7F8A9B0C}.Release|x64.Build.0 = Release|Any CPU
		{A5F2B3C4-8D9E-4F1A-2B3C-5D6E7F8A9B0C}.Release|x86.ActiveCfg = Release|Any CPU
		{A5F2B3C4-8D9E-4F1A-2B3C-5D6E7F8A9B0C}.Release|x86.Build.0 = Release|Any CPU
		{B6F3C4D5-9E1F-4A2B-3C4D-6E7F8A9B0C1D}.Debug|Any CPU.ActiveCfg = Debug|Any CPU
		{B6F3C4D5-9E1F-4A2B-3C4D-6E7F8A9B0C1D}.Debug|Any CPU.Build.0 = Debug|Any CPU
		{B6F3C4D5-9E1F-4A2B-3C4D-6E7F8A9B0C1D}.Debug|x64.ActiveCfg = Debug|Any CPU
		{B6F3C4D5-9E1F-4A2B-3C4D-6E7F8A9B0C1D}.Debug|x64.Build.0 = Debug|Any CPU
		{B6F3C4D5-9E1F-4A2B-3C4D-6E7F8A9B0C1D}.Debug|x86.ActiveCfg = Debug|Any CPU
		{B6F3C4D5-9E1F-4A2B-3C4D-6E7F8A9B0C1D}.Debug|x86.Build.0 = Debug|Any CPU
		{B6F3C4D5-9E1F-4A2B-3C4D-6E7F8A9B0C1D}.Release|Any CPU.ActiveCfg = Release|Any CPU
		{B6F3C4D5-9E1F-4A2B-3C4D-6E7F8A9B0C1D}.Release|Any CPU.Build.0 = Release|Any CPU
		{B6F3C4D5-9E1F-4A2B-3C4D-6E7F8A9B0C1D}.Release|x64.ActiveCfg = Release|Any CPU
		{B6F3C4D5-9E1F-4A2B-3C4D-6E7F8A9B0C1D}.Release|x64.Build.0 = Release|Any CPU
		{B6F3C4D5-9E1F-4A2B-3C4D-6E7F8A9B0C1D}.Release|x86.ActiveCfg = Release|Any CPU
		{B6F3C4D5-9E1F-4A2B-3C4D-6E7F8A9B0C1D}.Release|x86.Build.0 = Release|Any CPU
		{BEF8A0F0-13D5-43FC-BB8A-14EEC85EC9B4}.Debug|Any CPU.ActiveCfg = Debug|Any CPU
		{BEF8A0F0-13D5-43FC-BB8A-14EEC85EC9B4}.Debug|Any CPU.Build.0 = Debug|Any CPU
		{BEF8A0F0-13D5-43FC-BB8A-14EEC85EC9B4}.Debug|x64.ActiveCfg = Debug|Any CPU
		{BEF8A0F0-13D5-43FC-BB8A-14EEC85EC9B4}.Debug|x64.Build.0 = Debug|Any CPU
		{BEF8A0F0-13D5-43FC-BB8A-14EEC85EC9B4}.Debug|x86.ActiveCfg = Debug|Any CPU
		{BEF8A0F0-13D5-43FC-BB8A-14EEC85EC9B4}.Debug|x86.Build.0 = Debug|Any CPU
		{BEF8A0F0-13D5-43FC-BB8A-14EEC85EC9B4}.Release|Any CPU.ActiveCfg = Release|Any CPU
		{BEF8A0F0-13D5-43FC-BB8A-14EEC85EC9B4}.Release|Any CPU.Build.0 = Release|Any CPU
		{BEF8A0F0-13D5-43FC-BB8A-14EEC85EC9B4}.Release|x64.ActiveCfg = Release|Any CPU
		{BEF8A0F0-13D5-43FC-BB8A-14EEC85EC9B4}.Release|x64.Build.0 = Release|Any CPU
		{BEF8A0F0-13D5-43FC-BB8A-14EEC85EC9B4}.Release|x86.ActiveCfg = Release|Any CPU
		{BEF8A0F0-13D5-43FC-BB8A-14EEC85EC9B4}.Release|x86.Build.0 = Release|Any CPU
		{C7E4F5D6-0F2A-4B3C-5D6E-8F9A0B1C2D3E}.Debug|Any CPU.ActiveCfg = Debug|Any CPU
		{C7E4F5D6-0F2A-4B3C-5D6E-8F9A0B1C2D3E}.Debug|Any CPU.Build.0 = Debug|Any CPU
		{C7E4F5D6-0F2A-4B3C-5D6E-8F9A0B1C2D3E}.Debug|x64.ActiveCfg = Debug|Any CPU
		{C7E4F5D6-0F2A-4B3C-5D6E-8F9A0B1C2D3E}.Debug|x64.Build.0 = Debug|Any CPU
		{C7E4F5D6-0F2A-4B3C-5D6E-8F9A0B1C2D3E}.Debug|x86.ActiveCfg = Debug|Any CPU
		{C7E4F5D6-0F2A-4B3C-5D6E-8F9A0B1C2D3E}.Debug|x86.Build.0 = Debug|Any CPU
		{C7E4F5D6-0F2A-4B3C-5D6E-8F9A0B1C2D3E}.Release|Any CPU.ActiveCfg = Release|Any CPU
		{C7E4F5D6-0F2A-4B3C-5D6E-8F9A0B1C2D3E}.Release|Any CPU.Build.0 = Release|Any CPU
		{C7E4F5D6-0F2A-4B3C-5D6E-8F9A0B1C2D3E}.Release|x64.ActiveCfg = Release|Any CPU
		{C7E4F5D6-0F2A-4B3C-5D6E-8F9A0B1C2D3E}.Release|x64.Build.0 = Release|Any CPU
		{C7E4F5D6-0F2A-4B3C-5D6E-8F9A0B1C2D3E}.Release|x86.ActiveCfg = Release|Any CPU
		{C7E4F5D6-0F2A-4B3C-5D6E-8F9A0B1C2D3E}.Release|x86.Build.0 = Release|Any CPU
		{D8F5A6B7-1F3C-4D5E-6F7A-9B0C1D2E3F4A}.Debug|Any CPU.ActiveCfg = Debug|Any CPU
		{D8F5A6B7-1F3C-4D5E-6F7A-9B0C1D2E3F4A}.Debug|Any CPU.Build.0 = Debug|Any CPU
		{D8F5A6B7-1F3C-4D5E-6F7A-9B0C1D2E3F4A}.Debug|x64.ActiveCfg = Debug|Any CPU
		{D8F5A6B7-1F3C-4D5E-6F7A-9B0C1D2E3F4A}.Debug|x64.Build.0 = Debug|Any CPU
		{D8F5A6B7-1F3C-4D5E-6F7A-9B0C1D2E3F4A}.Debug|x86.ActiveCfg = Debug|Any CPU
		{D8F5A6B7-1F3C-4D5E-6F7A-9B0C1D2E3F4A}.Debug|x86.Build.0 = Debug|Any CPU
		{D8F5A6B7-1F3C-4D5E-6F7A-9B0C1D2E3F4A}.Release|Any CPU.ActiveCfg = Release|Any CPU
		{D8F5A6B7-1F3C-4D5E-6F7A-9B0C1D2E3F4A}.Release|Any CPU.Build.0 = Release|Any CPU
		{D8F5A6B7-1F3C-4D5E-6F7A-9B0C1D2E3F4A}.Release|x64.ActiveCfg = Release|Any CPU
		{D8F5A6B7-1F3C-4D5E-6F7A-9B0C1D2E3F4A}.Release|x64.Build.0 = Release|Any CPU
		{D8F5A6B7-1F3C-4D5E-6F7A-9B0C1D2E3F4A}.Release|x86.ActiveCfg = Release|Any CPU
		{D8F5A6B7-1F3C-4D5E-6F7A-9B0C1D2E3F4A}.Release|x86.Build.0 = Release|Any CPU
		{E9A6B7C8-2A4D-5E6F-7A8B-0C1D2E3F4A5B}.Debug|Any CPU.ActiveCfg = Debug|Any CPU
		{E9A6B7C8-2A4D-5E6F-7A8B-0C1D2E3F4A5B}.Debug|Any CPU.Build.0 = Debug|Any CPU
		{E9A6B7C8-2A4D-5E6F-7A8B-0C1D2E3F4A5B}.Debug|x64.ActiveCfg = Debug|Any CPU
		{E9A6B7C8-2A4D-5E6F-7A8B-0C1D2E3F4A5B}.Debug|x64.Build.0 = Debug|Any CPU
		{E9A6B7C8-2A4D-5E6F-7A8B-0C1D2E3F4A5B}.Debug|x86.ActiveCfg = Debug|Any CPU
		{E9A6B7C8-2A4D-5E6F-7A8B-0C1D2E3F4A5B}.Debug|x86.Build.0 = Debug|Any CPU
		{E9A6B7C8-2A4D-5E6F-7A8B-0C1D2E3F4A5B}.Release|Any CPU.ActiveCfg = Release|Any CPU
		{E9A6B7C8-2A4D-5E6F-7A8B-0C1D2E3F4A5B}.Release|Any CPU.Build.0 = Release|Any CPU
		{E9A6B7C8-2A4D-5E6F-7A8B-0C1D2E3F4A5B}.Release|x64.ActiveCfg = Release|Any CPU
		{E9A6B7C8-2A4D-5E6F-7A8B-0C1D2E3F4A5B}.Release|x64.Build.0 = Release|Any CPU
		{E9A6B7C8-2A4D-5E6F-7A8B-0C1D2E3F4A5B}.Release|x86.ActiveCfg = Release|Any CPU
		{E9A6B7C8-2A4D-5E6F-7A8B-0C1D2E3F4A5B}.Release|x86.Build.0 = Release|Any CPU
		{417D6C44-8432-4B3F-946A-A69CC619DE01}.Debug|Any CPU.ActiveCfg = Debug|Any CPU
		{417D6C44-8432-4B3F-946A-A69CC619DE01}.Debug|Any CPU.Build.0 = Debug|Any CPU
		{417D6C44-8432-4B3F-946A-A69CC619DE01}.Debug|x64.ActiveCfg = Debug|Any CPU
		{417D6C44-8432-4B3F-946A-A69CC619DE01}.Debug|x64.Build.0 = Debug|Any CPU
		{417D6C44-8432-4B3F-946A-A69CC619DE01}.Debug|x86.ActiveCfg = Debug|Any CPU
		{417D6C44-8432-4B3F-946A-A69CC619DE01}.Debug|x86.Build.0 = Debug|Any CPU
		{417D6C44-8432-4B3F-946A-A69CC619DE01}.Release|Any CPU.ActiveCfg = Release|Any CPU
		{417D6C44-8432-4B3F-946A-A69CC619DE01}.Release|Any CPU.Build.0 = Release|Any CPU
		{417D6C44-8432-4B3F-946A-A69CC619DE01}.Release|x64.ActiveCfg = Release|Any CPU
		{417D6C44-8432-4B3F-946A-A69CC619DE01}.Release|x64.Build.0 = Release|Any CPU
		{417D6C44-8432-4B3F-946A-A69CC619DE01}.Release|x86.ActiveCfg = Release|Any CPU
		{417D6C44-8432-4B3F-946A-A69CC619DE01}.Release|x86.Build.0 = Release|Any CPU
		{7A6E9684-D49D-45C2-B658-6C02F94A954B}.Debug|Any CPU.ActiveCfg = Debug|Any CPU
		{7A6E9684-D49D-45C2-B658-6C02F94A954B}.Debug|Any CPU.Build.0 = Debug|Any CPU
		{7A6E9684-D49D-45C2-B658-6C02F94A954B}.Debug|x64.ActiveCfg = Debug|Any CPU
		{7A6E9684-D49D-45C2-B658-6C02F94A954B}.Debug|x64.Build.0 = Debug|Any CPU
		{7A6E9684-D49D-45C2-B658-6C02F94A954B}.Debug|x86.ActiveCfg = Debug|Any CPU
		{7A6E9684-D49D-45C2-B658-6C02F94A954B}.Debug|x86.Build.0 = Debug|Any CPU
		{7A6E9684-D49D-45C2-B658-6C02F94A954B}.Release|Any CPU.ActiveCfg = Release|Any CPU
		{7A6E9684-D49D-45C2-B658-6C02F94A954B}.Release|Any CPU.Build.0 = Release|Any CPU
		{7A6E9684-D49D-45C2-B658-6C02F94A954B}.Release|x64.ActiveCfg = Release|Any CPU
		{7A6E9684-D49D-45C2-B658-6C02F94A954B}.Release|x64.Build.0 = Release|Any CPU
		{7A6E9684-D49D-45C2-B658-6C02F94A954B}.Release|x86.ActiveCfg = Release|Any CPU
		{7A6E9684-D49D-45C2-B658-6C02F94A954B}.Release|x86.Build.0 = Release|Any CPU
		{23407A7E-5C68-4A76-958B-32331116DE97}.Debug|Any CPU.ActiveCfg = Debug|Any CPU
		{23407A7E-5C68-4A76-958B-32331116DE97}.Debug|Any CPU.Build.0 = Debug|Any CPU
		{23407A7E-5C68-4A76-958B-32331116DE97}.Debug|x64.ActiveCfg = Debug|Any CPU
		{23407A7E-5C68-4A76-958B-32331116DE97}.Debug|x64.Build.0 = Debug|Any CPU
		{23407A7E-5C68-4A76-958B-32331116DE97}.Debug|x86.ActiveCfg = Debug|Any CPU
		{23407A7E-5C68-4A76-958B-32331116DE97}.Debug|x86.Build.0 = Debug|Any CPU
		{23407A7E-5C68-4A76-958B-32331116DE97}.Release|Any CPU.ActiveCfg = Release|Any CPU
		{23407A7E-5C68-4A76-958B-32331116DE97}.Release|Any CPU.Build.0 = Release|Any CPU
		{23407A7E-5C68-4A76-958B-32331116DE97}.Release|x64.ActiveCfg = Release|Any CPU
		{23407A7E-5C68-4A76-958B-32331116DE97}.Release|x64.Build.0 = Release|Any CPU
		{23407A7E-5C68-4A76-958B-32331116DE97}.Release|x86.ActiveCfg = Release|Any CPU
		{23407A7E-5C68-4A76-958B-32331116DE97}.Release|x86.Build.0 = Release|Any CPU
		{CD4A6AA4-3C8C-4CF9-9C3E-E874BBCD90E7}.Debug|Any CPU.ActiveCfg = Debug|Any CPU
		{CD4A6AA4-3C8C-4CF9-9C3E-E874BBCD90E7}.Debug|Any CPU.Build.0 = Debug|Any CPU
		{CD4A6AA4-3C8C-4CF9-9C3E-E874BBCD90E7}.Debug|x64.ActiveCfg = Debug|Any CPU
		{CD4A6AA4-3C8C-4CF9-9C3E-E874BBCD90E7}.Debug|x64.Build.0 = Debug|Any CPU
		{CD4A6AA4-3C8C-4CF9-9C3E-E874BBCD90E7}.Debug|x86.ActiveCfg = Debug|Any CPU
		{CD4A6AA4-3C8C-4CF9-9C3E-E874BBCD90E7}.Debug|x86.Build.0 = Debug|Any CPU
		{CD4A6AA4-3C8C-4CF9-9C3E-E874BBCD90E7}.Release|Any CPU.ActiveCfg = Release|Any CPU
		{CD4A6AA4-3C8C-4CF9-9C3E-E874BBCD90E7}.Release|Any CPU.Build.0 = Release|Any CPU
		{CD4A6AA4-3C8C-4CF9-9C3E-E874BBCD90E7}.Release|x64.ActiveCfg = Release|Any CPU
		{CD4A6AA4-3C8C-4CF9-9C3E-E874BBCD90E7}.Release|x64.Build.0 = Release|Any CPU
		{CD4A6AA4-3C8C-4CF9-9C3E-E874BBCD90E7}.Release|x86.ActiveCfg = Release|Any CPU
		{CD4A6AA4-3C8C-4CF9-9C3E-E874BBCD90E7}.Release|x86.Build.0 = Release|Any CPU
		{F7A8B9C0-1234-5678-9ABC-DEF123456789}.Debug|Any CPU.ActiveCfg = Debug|Any CPU
		{F7A8B9C0-1234-5678-9ABC-DEF123456789}.Debug|Any CPU.Build.0 = Debug|Any CPU
		{F7A8B9C0-1234-5678-9ABC-DEF123456789}.Debug|x64.ActiveCfg = Debug|Any CPU
		{F7A8B9C0-1234-5678-9ABC-DEF123456789}.Debug|x64.Build.0 = Debug|Any CPU
		{F7A8B9C0-1234-5678-9ABC-DEF123456789}.Debug|x86.ActiveCfg = Debug|Any CPU
		{F7A8B9C0-1234-5678-9ABC-DEF123456789}.Debug|x86.Build.0 = Debug|Any CPU
		{F7A8B9C0-1234-5678-9ABC-DEF123456789}.Release|Any CPU.ActiveCfg = Release|Any CPU
		{F7A8B9C0-1234-5678-9ABC-DEF123456789}.Release|Any CPU.Build.0 = Release|Any CPU
		{F7A8B9C0-1234-5678-9ABC-DEF123456789}.Release|x64.ActiveCfg = Release|Any CPU
		{F7A8B9C0-1234-5678-9ABC-DEF123456789}.Release|x64.Build.0 = Release|Any CPU
		{F7A8B9C0-1234-5678-9ABC-DEF123456789}.Release|x86.ActiveCfg = Release|Any CPU
		{F7A8B9C0-1234-5678-9ABC-DEF123456789}.Release|x86.Build.0 = Release|Any CPU
		{A8B9C0D1-2345-6789-ABCD-EF123456789A}.Debug|Any CPU.ActiveCfg = Debug|Any CPU
		{A8B9C0D1-2345-6789-ABCD-EF123456789A}.Debug|Any CPU.Build.0 = Debug|Any CPU
		{A8B9C0D1-2345-6789-ABCD-EF123456789A}.Debug|x64.ActiveCfg = Debug|Any CPU
		{A8B9C0D1-2345-6789-ABCD-EF123456789A}.Debug|x64.Build.0 = Debug|Any CPU
		{A8B9C0D1-2345-6789-ABCD-EF123456789A}.Debug|x86.ActiveCfg = Debug|Any CPU
		{A8B9C0D1-2345-6789-ABCD-EF123456789A}.Debug|x86.Build.0 = Debug|Any CPU
		{A8B9C0D1-2345-6789-ABCD-EF123456789A}.Release|Any CPU.ActiveCfg = Release|Any CPU
		{A8B9C0D1-2345-6789-ABCD-EF123456789A}.Release|Any CPU.Build.0 = Release|Any CPU
		{A8B9C0D1-2345-6789-ABCD-EF123456789A}.Release|x64.ActiveCfg = Release|Any CPU
		{A8B9C0D1-2345-6789-ABCD-EF123456789A}.Release|x64.Build.0 = Release|Any CPU
		{A8B9C0D1-2345-6789-ABCD-EF123456789A}.Release|x86.ActiveCfg = Release|Any CPU
		{A8B9C0D1-2345-6789-ABCD-EF123456789A}.Release|x86.Build.0 = Release|Any CPU
		{A1B2C3D4-5E6F-7890-1234-567890ABCDEF}.Debug|Any CPU.ActiveCfg = Debug|Any CPU
		{A1B2C3D4-5E6F-7890-1234-567890ABCDEF}.Debug|Any CPU.Build.0 = Debug|Any CPU
		{A1B2C3D4-5E6F-7890-1234-567890ABCDEF}.Debug|x64.ActiveCfg = Debug|Any CPU
		{A1B2C3D4-5E6F-7890-1234-567890ABCDEF}.Debug|x64.Build.0 = Debug|Any CPU
		{A1B2C3D4-5E6F-7890-1234-567890ABCDEF}.Debug|x86.ActiveCfg = Debug|Any CPU
		{A1B2C3D4-5E6F-7890-1234-567890ABCDEF}.Debug|x86.Build.0 = Debug|Any CPU
		{A1B2C3D4-5E6F-7890-1234-567890ABCDEF}.Release|Any CPU.ActiveCfg = Release|Any CPU
		{A1B2C3D4-5E6F-7890-1234-567890ABCDEF}.Release|Any CPU.Build.0 = Release|Any CPU
		{A1B2C3D4-5E6F-7890-1234-567890ABCDEF}.Release|x64.ActiveCfg = Release|Any CPU
		{A1B2C3D4-5E6F-7890-1234-567890ABCDEF}.Release|x64.Build.0 = Release|Any CPU
		{A1B2C3D4-5E6F-7890-1234-567890ABCDEF}.Release|x86.ActiveCfg = Release|Any CPU
		{A1B2C3D4-5E6F-7890-1234-567890ABCDEF}.Release|x86.Build.0 = Release|Any CPU
		{B2C3D4E5-6F70-8091-2345-67890ABCDEF1}.Debug|Any CPU.ActiveCfg = Debug|Any CPU
		{B2C3D4E5-6F70-8091-2345-67890ABCDEF1}.Debug|Any CPU.Build.0 = Debug|Any CPU
		{B2C3D4E5-6F70-8091-2345-67890ABCDEF1}.Debug|x64.ActiveCfg = Debug|Any CPU
		{B2C3D4E5-6F70-8091-2345-67890ABCDEF1}.Debug|x64.Build.0 = Debug|Any CPU
		{B2C3D4E5-6F70-8091-2345-67890ABCDEF1}.Debug|x86.ActiveCfg = Debug|Any CPU
		{B2C3D4E5-6F70-8091-2345-67890ABCDEF1}.Debug|x86.Build.0 = Debug|Any CPU
		{B2C3D4E5-6F70-8091-2345-67890ABCDEF1}.Release|Any CPU.ActiveCfg = Release|Any CPU
		{B2C3D4E5-6F70-8091-2345-67890ABCDEF1}.Release|Any CPU.Build.0 = Release|Any CPU
		{B2C3D4E5-6F70-8091-2345-67890ABCDEF1}.Release|x64.ActiveCfg = Release|Any CPU
		{B2C3D4E5-6F70-8091-2345-67890ABCDEF1}.Release|x64.Build.0 = Release|Any CPU
		{B2C3D4E5-6F70-8091-2345-67890ABCDEF1}.Release|x86.ActiveCfg = Release|Any CPU
		{B2C3D4E5-6F70-8091-2345-67890ABCDEF1}.Release|x86.Build.0 = Release|Any CPU
		{C3D4E5F6-7081-9012-3456-7890ABCDEF12}.Debug|Any CPU.ActiveCfg = Debug|Any CPU
		{C3D4E5F6-7081-9012-3456-7890ABCDEF12}.Debug|Any CPU.Build.0 = Debug|Any CPU
		{C3D4E5F6-7081-9012-3456-7890ABCDEF12}.Debug|x64.ActiveCfg = Debug|Any CPU
		{C3D4E5F6-7081-9012-3456-7890ABCDEF12}.Debug|x64.Build.0 = Debug|Any CPU
		{C3D4E5F6-7081-9012-3456-7890ABCDEF12}.Debug|x86.ActiveCfg = Debug|Any CPU
		{C3D4E5F6-7081-9012-3456-7890ABCDEF12}.Debug|x86.Build.0 = Debug|Any CPU
		{C3D4E5F6-7081-9012-3456-7890ABCDEF12}.Release|Any CPU.ActiveCfg = Release|Any CPU
		{C3D4E5F6-7081-9012-3456-7890ABCDEF12}.Release|Any CPU.Build.0 = Release|Any CPU
		{C3D4E5F6-7081-9012-3456-7890ABCDEF12}.Release|x64.ActiveCfg = Release|Any CPU
		{C3D4E5F6-7081-9012-3456-7890ABCDEF12}.Release|x64.Build.0 = Release|Any CPU
		{C3D4E5F6-7081-9012-3456-7890ABCDEF12}.Release|x86.ActiveCfg = Release|Any CPU
		{C3D4E5F6-7081-9012-3456-7890ABCDEF12}.Release|x86.Build.0 = Release|Any CPU
		{E5F6A7B8-9203-1234-5678-90ABCDEF1234}.Debug|Any CPU.ActiveCfg = Debug|Any CPU
		{E5F6A7B8-9203-1234-5678-90ABCDEF1234}.Debug|Any CPU.Build.0 = Debug|Any CPU
		{E5F6A7B8-9203-1234-5678-90ABCDEF1234}.Debug|x64.ActiveCfg = Debug|Any CPU
		{E5F6A7B8-9203-1234-5678-90ABCDEF1234}.Debug|x64.Build.0 = Debug|Any CPU
		{E5F6A7B8-9203-1234-5678-90ABCDEF1234}.Debug|x86.ActiveCfg = Debug|Any CPU
		{E5F6A7B8-9203-1234-5678-90ABCDEF1234}.Debug|x86.Build.0 = Debug|Any CPU
		{E5F6A7B8-9203-1234-5678-90ABCDEF1234}.Release|Any CPU.ActiveCfg = Release|Any CPU
		{E5F6A7B8-9203-1234-5678-90ABCDEF1234}.Release|Any CPU.Build.0 = Release|Any CPU
		{E5F6A7B8-9203-1234-5678-90ABCDEF1234}.Release|x64.ActiveCfg = Release|Any CPU
		{E5F6A7B8-9203-1234-5678-90ABCDEF1234}.Release|x64.Build.0 = Release|Any CPU
		{E5F6A7B8-9203-1234-5678-90ABCDEF1234}.Release|x86.ActiveCfg = Release|Any CPU
		{E5F6A7B8-9203-1234-5678-90ABCDEF1234}.Release|x86.Build.0 = Release|Any CPU
		{F6A7B8C9-0314-2345-6789-0ABCDEF12345}.Debug|Any CPU.ActiveCfg = Debug|Any CPU
		{F6A7B8C9-0314-2345-6789-0ABCDEF12345}.Debug|Any CPU.Build.0 = Debug|Any CPU
		{F6A7B8C9-0314-2345-6789-0ABCDEF12345}.Debug|x64.ActiveCfg = Debug|Any CPU
		{F6A7B8C9-0314-2345-6789-0ABCDEF12345}.Debug|x64.Build.0 = Debug|Any CPU
		{F6A7B8C9-0314-2345-6789-0ABCDEF12345}.Debug|x86.ActiveCfg = Debug|Any CPU
		{F6A7B8C9-0314-2345-6789-0ABCDEF12345}.Debug|x86.Build.0 = Debug|Any CPU
		{F6A7B8C9-0314-2345-6789-0ABCDEF12345}.Release|Any CPU.ActiveCfg = Release|Any CPU
		{F6A7B8C9-0314-2345-6789-0ABCDEF12345}.Release|Any CPU.Build.0 = Release|Any CPU
		{F6A7B8C9-0314-2345-6789-0ABCDEF12345}.Release|x64.ActiveCfg = Release|Any CPU
		{F6A7B8C9-0314-2345-6789-0ABCDEF12345}.Release|x64.Build.0 = Release|Any CPU
		{F6A7B8C9-0314-2345-6789-0ABCDEF12345}.Release|x86.ActiveCfg = Release|Any CPU
		{F6A7B8C9-0314-2345-6789-0ABCDEF12345}.Release|x86.Build.0 = Release|Any CPU
		{A7B8C9D0-1425-3456-789A-BCDEF1234567}.Debug|Any CPU.ActiveCfg = Debug|Any CPU
		{A7B8C9D0-1425-3456-789A-BCDEF1234567}.Debug|Any CPU.Build.0 = Debug|Any CPU
		{A7B8C9D0-1425-3456-789A-BCDEF1234567}.Debug|x64.ActiveCfg = Debug|Any CPU
		{A7B8C9D0-1425-3456-789A-BCDEF1234567}.Debug|x64.Build.0 = Debug|Any CPU
		{A7B8C9D0-1425-3456-789A-BCDEF1234567}.Debug|x86.ActiveCfg = Debug|Any CPU
		{A7B8C9D0-1425-3456-789A-BCDEF1234567}.Debug|x86.Build.0 = Debug|Any CPU
		{A7B8C9D0-1425-3456-789A-BCDEF1234567}.Release|Any CPU.ActiveCfg = Release|Any CPU
		{A7B8C9D0-1425-3456-789A-BCDEF1234567}.Release|Any CPU.Build.0 = Release|Any CPU
		{A7B8C9D0-1425-3456-789A-BCDEF1234567}.Release|x64.ActiveCfg = Release|Any CPU
		{A7B8C9D0-1425-3456-789A-BCDEF1234567}.Release|x64.Build.0 = Release|Any CPU
		{A7B8C9D0-1425-3456-789A-BCDEF1234567}.Release|x86.ActiveCfg = Release|Any CPU
		{A7B8C9D0-1425-3456-789A-BCDEF1234567}.Release|x86.Build.0 = Release|Any CPU
		{C9D0E1F2-3647-5678-9ABC-DEF123456789}.Debug|Any CPU.ActiveCfg = Debug|Any CPU
		{C9D0E1F2-3647-5678-9ABC-DEF123456789}.Debug|Any CPU.Build.0 = Debug|Any CPU
		{C9D0E1F2-3647-5678-9ABC-DEF123456789}.Debug|x64.ActiveCfg = Debug|Any CPU
		{C9D0E1F2-3647-5678-9ABC-DEF123456789}.Debug|x64.Build.0 = Debug|Any CPU
		{C9D0E1F2-3647-5678-9ABC-DEF123456789}.Debug|x86.ActiveCfg = Debug|Any CPU
		{C9D0E1F2-3647-5678-9ABC-DEF123456789}.Debug|x86.Build.0 = Debug|Any CPU
		{C9D0E1F2-3647-5678-9ABC-DEF123456789}.Release|Any CPU.ActiveCfg = Release|Any CPU
		{C9D0E1F2-3647-5678-9ABC-DEF123456789}.Release|Any CPU.Build.0 = Release|Any CPU
		{C9D0E1F2-3647-5678-9ABC-DEF123456789}.Release|x64.ActiveCfg = Release|Any CPU
		{C9D0E1F2-3647-5678-9ABC-DEF123456789}.Release|x64.Build.0 = Release|Any CPU
		{C9D0E1F2-3647-5678-9ABC-DEF123456789}.Release|x86.ActiveCfg = Release|Any CPU
		{C9D0E1F2-3647-5678-9ABC-DEF123456789}.Release|x86.Build.0 = Release|Any CPU
	EndGlobalSection
	GlobalSection(SolutionProperties) = preSolution
		HideSolutionNode = FALSE
	EndGlobalSection
	GlobalSection(NestedProjects) = preSolution
		{8AC481CA-BEB6-4E15-8C5C-31FE6FB80A09} = {827E0CD3-B72D-47B6-A68D-7590B98EB39B}
		{110E9FC0-A3AC-47A9-9431-EE2AAAAD6002} = {827E0CD3-B72D-47B6-A68D-7590B98EB39B}
		{96DC67D1-10F5-491F-823F-BF611F05B217} = {827E0CD3-B72D-47B6-A68D-7590B98EB39B}
		{2141088A-729E-42F8-B4F9-DB977CBF0213} = {827E0CD3-B72D-47B6-A68D-7590B98EB39B}
		{A5F2B3C4-8D9E-4F1A-2B3C-5D6E7F8A9B0C} = {827E0CD3-B72D-47B6-A68D-7590B98EB39B}
		{B6F3C4D5-9E1F-4A2B-3C4D-6E7F8A9B0C1D} = {827E0CD3-B72D-47B6-A68D-7590B98EB39B}
		{5D20AA90-6969-D8BD-9DCD-8634F4692FDA} = {0AB3BF05-4346-4AA6-1389-037BE0695223}
		{BEF8A0F0-13D5-43FC-BB8A-14EEC85EC9B4} = {5D20AA90-6969-D8BD-9DCD-8634F4692FDA}
		{C7E4F5D6-0F2A-4B3C-5D6E-8F9A0B1C2D3E} = {5D20AA90-6969-D8BD-9DCD-8634F4692FDA}
		{D8F5A6B7-1F3C-4D5E-6F7A-9B0C1D2E3F4A} = {5D20AA90-6969-D8BD-9DCD-8634F4692FDA}
		{E9A6B7C8-2A4D-5E6F-7A8B-0C1D2E3F4A5B} = {5D20AA90-6969-D8BD-9DCD-8634F4692FDA}
		{417D6C44-8432-4B3F-946A-A69CC619DE01} = {0AB3BF05-4346-4AA6-1389-037BE0695223}
		{5C35D9BE-388A-8745-CD5F-BB8E361A8720} = {0AB3BF05-4346-4AA6-1389-037BE0695223}
		{7A6E9684-D49D-45C2-B658-6C02F94A954B} = {5C35D9BE-388A-8745-CD5F-BB8E361A8720}
		{23407A7E-5C68-4A76-958B-32331116DE97} = {5C35D9BE-388A-8745-CD5F-BB8E361A8720}
		{D0D6B8B0-AC35-B3FA-0B96-A9B0E4A3253E} = {0AB3BF05-4346-4AA6-1389-037BE0695223}
		{CD4A6AA4-3C8C-4CF9-9C3E-E874BBCD90E7} = {D0D6B8B0-AC35-B3FA-0B96-A9B0E4A3253E}
		{F7A8B9C0-1234-5678-9ABC-DEF123456789} = {827E0CD3-B72D-47B6-A68D-7590B98EB39B}
		{A8B9C0D1-2345-6789-ABCD-EF123456789A} = {827E0CD3-B72D-47B6-A68D-7590B98EB39B}
		{F1E2D3C4-5B6A-7980-1234-567890ABCDEF} = {0AB3BF05-4346-4AA6-1389-037BE0695223}
		{A1B2C3D4-5E6F-7890-1234-567890ABCDEF} = {F1E2D3C4-5B6A-7980-1234-567890ABCDEF}
		{B2C3D4E5-6F70-8091-2345-67890ABCDEF1} = {F1E2D3C4-5B6A-7980-1234-567890ABCDEF}
		{C3D4E5F6-7081-9012-3456-7890ABCDEF12} = {F1E2D3C4-5B6A-7980-1234-567890ABCDEF}
		{D4E5F6A7-8192-0123-4567-890ABCDEF123} = {0AB3BF05-4346-4AA6-1389-037BE0695223}
		{E5F6A7B8-9203-1234-5678-90ABCDEF1234} = {D4E5F6A7-8192-0123-4567-890ABCDEF123}
		{F6A7B8C9-0314-2345-6789-0ABCDEF12345} = {D4E5F6A7-8192-0123-4567-890ABCDEF123}
		{A7B8C9D0-1425-3456-789A-BCDEF1234567} = {D4E5F6A7-8192-0123-4567-890ABCDEF123}
		{B8C9D0E1-2536-4567-89AB-CDEF12345678} = {0AB3BF05-4346-4AA6-1389-037BE0695223}
		{C9D0E1F2-3647-5678-9ABC-DEF123456789} = {B8C9D0E1-2536-4567-89AB-CDEF12345678}
	EndGlobalSection
EndGlobal
