
Microsoft Visual Studio Solution File, Format Version 12.00
# Visual Studio Version 17
VisualStudioVersion = 17.0.31903.59
MinimumVisualStudioVersion = 10.0.40219.1
Project("{2150E333-8FDC-42A3-9474-1A3956D46DE8}") = "src", "src", "{827E0CD3-B72D-47B6-A68D-7590B98EB39B}"
EndProject
Project("{FAE04EC0-301F-11D3-BF4B-00C04F79EFBC}") = "AxiomEndpoints.Core", "src\AxiomEndpoints.Core\AxiomEndpoints.Core.csproj", "{8AC481CA-BEB6-4E15-8C5C-31FE6FB80A09}"
EndProject
Project("{FAE04EC0-301F-11D3-BF4B-00C04F79EFBC}") = "AxiomEndpoints.Routing", "src\AxiomEndpoints.Routing\AxiomEndpoints.Routing.csproj", "{110E9FC0-A3AC-47A9-9431-EE2AAAAD6002}"
EndProject
Project("{FAE04EC0-301F-11D3-BF4B-00C04F79EFBC}") = "AxiomEndpoints.AspNetCore", "src\AxiomEndpoints.AspNetCore\AxiomEndpoints.AspNetCore.csproj", "{96DC67D1-10F5-491F-823F-BF611F05B217}"
EndProject
Project("{FAE04EC0-301F-11D3-BF4B-00C04F79EFBC}") = "AxiomEndpoints.SourceGenerators", "src\AxiomEndpoints.SourceGenerators\AxiomEndpoints.SourceGenerators.csproj", "{2141088A-729E-42F8-B4F9-DB977CBF0213}"
EndProject
Project("{FAE04EC0-301F-11D3-BF4B-00C04F79EFBC}") = "AxiomEndpoints.Grpc", "src\AxiomEndpoints.Grpc\AxiomEndpoints.Grpc.csproj", "{A5F2B3C4-8D9E-4F1A-2B3C-5D6E7F8A9B0C}"
EndProject
Project("{FAE04EC0-301F-11D3-BF4B-00C04F79EFBC}") = "AxiomEndpoints.Aspire", "src\AxiomEndpoints.Aspire\AxiomEndpoints.Aspire.csproj", "{B6F3C4D5-9E1F-4A2B-3C4D-6E7F8A9B0C1D}"
EndProject
Project("{2150E333-8FDC-42A3-9474-1A3956D46DE8}") = "samples", "samples", "{5D20AA90-6969-D8BD-9DCD-8634F4692FDA}"
EndProject
Project("{FAE04EC0-301F-11D3-BF4B-00C04F79EFBC}") = "TodoApi", "samples\TodoApi\TodoApi.csproj", "{BEF8A0F0-13D5-43FC-BB8A-14EEC85EC9B4}"
EndProject
Global
	GlobalSection(SolutionConfigurationPlatforms) = preSolution
		Debug|Any CPU = Debug|Any CPU
		Release|Any CPU = Release|Any CPU
	EndGlobalSection
	GlobalSection(ProjectConfigurationPlatforms) = postSolution
		{8AC481CA-BEB6-4E15-8C5C-31FE6FB80A09}.Debug|Any CPU.ActiveCfg = Debug|Any CPU
		{8AC481CA-BEB6-4E15-8C5C-31FE6FB80A09}.Debug|Any CPU.Build.0 = Debug|Any CPU
		{8AC481CA-BEB6-4E15-8C5C-31FE6FB80A09}.Release|Any CPU.ActiveCfg = Release|Any CPU
		{8AC481CA-BEB6-4E15-8C5C-31FE6FB80A09}.Release|Any CPU.Build.0 = Release|Any CPU
		{110E9FC0-A3AC-47A9-9431-EE2AAAAD6002}.Debug|Any CPU.ActiveCfg = Debug|Any CPU
		{110E9FC0-A3AC-47A9-9431-EE2AAAAD6002}.Debug|Any CPU.Build.0 = Debug|Any CPU
		{110E9FC0-A3AC-47A9-9431-EE2AAAAD6002}.Release|Any CPU.ActiveCfg = Release|Any CPU
		{110E9FC0-A3AC-47A9-9431-EE2AAAAD6002}.Release|Any CPU.Build.0 = Release|Any CPU
		{96DC67D1-10F5-491F-823F-BF611F05B217}.Debug|Any CPU.ActiveCfg = Debug|Any CPU
		{96DC67D1-10F5-491F-823F-BF611F05B217}.Debug|Any CPU.Build.0 = Debug|Any CPU
		{96DC67D1-10F5-491F-823F-BF611F05B217}.Release|Any CPU.ActiveCfg = Release|Any CPU
		{96DC67D1-10F5-491F-823F-BF611F05B217}.Release|Any CPU.Build.0 = Release|Any CPU
		{2141088A-729E-42F8-B4F9-DB977CBF0213}.Debug|Any CPU.ActiveCfg = Debug|Any CPU
		{2141088A-729E-42F8-B4F9-DB977CBF0213}.Debug|Any CPU.Build.0 = Debug|Any CPU
		{2141088A-729E-42F8-B4F9-DB977CBF0213}.Release|Any CPU.ActiveCfg = Release|Any CPU
		{2141088A-729E-42F8-B4F9-DB977CBF0213}.Release|Any CPU.Build.0 = Release|Any CPU
		{A5F2B3C4-8D9E-4F1A-2B3C-5D6E7F8A9B0C}.Debug|Any CPU.ActiveCfg = Debug|Any CPU
		{A5F2B3C4-8D9E-4F1A-2B3C-5D6E7F8A9B0C}.Debug|Any CPU.Build.0 = Debug|Any CPU
		{A5F2B3C4-8D9E-4F1A-2B3C-5D6E7F8A9B0C}.Release|Any CPU.ActiveCfg = Release|Any CPU
		{A5F2B3C4-8D9E-4F1A-2B3C-5D6E7F8A9B0C}.Release|Any CPU.Build.0 = Release|Any CPU
		{B6F3C4D5-9E1F-4A2B-3C4D-6E7F8A9B0C1D}.Debug|Any CPU.ActiveCfg = Debug|Any CPU
		{B6F3C4D5-9E1F-4A2B-3C4D-6E7F8A9B0C1D}.Debug|Any CPU.Build.0 = Debug|Any CPU
		{B6F3C4D5-9E1F-4A2B-3C4D-6E7F8A9B0C1D}.Release|Any CPU.ActiveCfg = Release|Any CPU
		{B6F3C4D5-9E1F-4A2B-3C4D-6E7F8A9B0C1D}.Release|Any CPU.Build.0 = Release|Any CPU
		{BEF8A0F0-13D5-43FC-BB8A-14EEC85EC9B4}.Debug|Any CPU.ActiveCfg = Debug|Any CPU
		{BEF8A0F0-13D5-43FC-BB8A-14EEC85EC9B4}.Debug|Any CPU.Build.0 = Debug|Any CPU
		{BEF8A0F0-13D5-43FC-BB8A-14EEC85EC9B4}.Release|Any CPU.ActiveCfg = Release|Any CPU
		{BEF8A0F0-13D5-43FC-BB8A-14EEC85EC9B4}.Release|Any CPU.Build.0 = Release|Any CPU
	EndGlobalSection
	GlobalSection(SolutionProperties) = preSolution
		HideSolutionNode = FALSE
	EndGlobalSection
	GlobalSection(NestedProjects) = preSolution
		{8AC481CA-BEB6-4E15-8C5C-31FE6FB80A09} = {827E0CD3-B72D-47B6-A68D-7590B98EB39B}
		{110E9FC0-A3AC-47A9-9431-EE2AAAAD6002} = {827E0CD3-B72D-47B6-A68D-7590B98EB39B}
		{96DC67D1-10F5-491F-823F-BF611F05B217} = {827E0CD3-B72D-47B6-A68D-7590B98EB39B}
		{2141088A-729E-42F8-B4F9-DB977CBF0213} = {827E0CD3-B72D-47B6-A68D-7590B98EB39B}
		{A5F2B3C4-8D9E-4F1A-2B3C-5D6E7F8A9B0C} = {827E0CD3-B72D-47B6-A68D-7590B98EB39B}
		{B6F3C4D5-9E1F-4A2B-3C4D-6E7F8A9B0C1D} = {827E0CD3-B72D-47B6-A68D-7590B98EB39B}
		{BEF8A0F0-13D5-43FC-BB8A-14EEC85EC9B4} = {5D20AA90-6969-D8BD-9DCD-8634F4692FDA}
	EndGlobalSection
EndGlobal